
Microsoft Visual Studio Solution File, Format Version 12.00
# Visual Studio 15
VisualStudioVersion = 15.0.28307.168
MinimumVisualStudioVersion = 10.0.40219.1
Project("{151D2E53-A2C4-4D7D-83FE-D05416EBD58E}") = "AzurePAW-ADDS", "AzurePAW-ADDS\AzurePAW-ADDS.deployproj", "{213A53FE-2374-4F2D-A7C2-23722A778A29}"
EndProject
Global
	GlobalSection(SolutionConfigurationPlatforms) = preSolution
		Debug|Any CPU = Debug|Any CPU
		Release|Any CPU = Release|Any CPU
	EndGlobalSection
	GlobalSection(ProjectConfigurationPlatforms) = postSolution
		{213A53FE-2374-4F2D-A7C2-23722A778A29}.Debug|Any CPU.ActiveCfg = Debug|Any CPU
		{213A53FE-2374-4F2D-A7C2-23722A778A29}.Debug|Any CPU.Build.0 = Debug|Any CPU
		{213A53FE-2374-4F2D-A7C2-23722A778A29}.Release|Any CPU.ActiveCfg = Release|Any CPU
		{213A53FE-2374-4F2D-A7C2-23722A778A29}.Release|Any CPU.Build.0 = Release|Any CPU
	EndGlobalSection
	GlobalSection(SolutionProperties) = preSolution
		HideSolutionNode = FALSE
	EndGlobalSection
	GlobalSection(ExtensibilityGlobals) = postSolution
		SolutionGuid = {2915C6DB-ADA6-4DE4-B1ED-E76175EBB185}
	EndGlobalSection
EndGlobal
